
Microsoft Visual Studio Solution File, Format Version 12.00
# Visual Studio Version 17
VisualStudioVersion = 17.8.34601.278
MinimumVisualStudioVersion = 10.0.40219.1
Project("{9A19103F-16F7-4668-BE54-9A1E7A4F7556}") = "GiftOfTheGivers", "GiftOfTheGivers.csproj", "{02DC7460-B49A-4B50-8543-D08E3F977F5D}"
EndProject
Global
	GlobalSection(SolutionConfigurationPlatforms) = preSolution
		Debug|Any CPU = Debug|Any CPU
		Release|Any CPU = Release|Any CPU
	EndGlobalSection
	GlobalSection(ProjectConfigurationPlatforms) = postSolution
		{02DC7460-B49A-4B50-8543-D08E3F977F5D}.Debug|Any CPU.ActiveCfg = Debug|Any CPU
		{02DC7460-B49A-4B50-8543-D08E3F977F5D}.Debug|Any CPU.Build.0 = Debug|Any CPU
		{02DC7460-B49A-4B50-8543-D08E3F977F5D}.Release|Any CPU.ActiveCfg = Release|Any CPU
		{02DC7460-B49A-4B50-8543-D08E3F977F5D}.Release|Any CPU.Build.0 = Release|Any CPU
	EndGlobalSection
	GlobalSection(SolutionProperties) = preSolution
		HideSolutionNode = FALSE
	EndGlobalSection
	GlobalSection(ExtensibilityGlobals) = postSolution
		SolutionGuid = {C7C2932A-6AED-4F4A-915D-C7EE9781F76D}
	EndGlobalSection
EndGlobal
